
Microsoft Visual Studio Solution File, Format Version 12.00
# Visual Studio Version 17
VisualStudioVersion = 17.10.35013.160
MinimumVisualStudioVersion = 10.0.40219.1
Project("{FAE04EC0-301F-11D3-BF4B-00C04F79EFBC}") = "NewNNCSharp", "NewNNCSharp.csproj", "{C8D88F8D-ADAC-49CB-9170-F1731A2BD287}"
EndProject
Global
	GlobalSection(SolutionConfigurationPlatforms) = preSolution
		Debug|x86 = Debug|x86
		Release|x86 = Release|x86
	EndGlobalSection
	GlobalSection(ProjectConfigurationPlatforms) = postSolution
		{C8D88F8D-ADAC-49CB-9170-F1731A2BD287}.Debug|x86.ActiveCfg = Debug|x86
		{C8D88F8D-ADAC-49CB-9170-F1731A2BD287}.Debug|x86.Build.0 = Debug|x86
		{C8D88F8D-ADAC-49CB-9170-F1731A2BD287}.Release|x86.ActiveCfg = Release|x86
		{C8D88F8D-ADAC-49CB-9170-F1731A2BD287}.Release|x86.Build.0 = Release|x86
	EndGlobalSection
	GlobalSection(SolutionProperties) = preSolution
		HideSolutionNode = FALSE
	EndGlobalSection
	GlobalSection(ExtensibilityGlobals) = postSolution
		SolutionGuid = {C8037B52-6B5B-4C22-BECF-2643530CEDF6}
	EndGlobalSection
EndGlobal
